
Microsoft Visual Studio Solution File, Format Version 11.00
# Visual Studio 2010
Project("{FAE04EC0-301F-11D3-BF4B-00C04F79EFBC}") = "k-means", "k-means\k-means.csproj", "{B46B6BC5-A2D3-41AB-8ED5-B52D3874C8A6}"
EndProject
Project("{54435603-DBB4-11D2-8724-00A0C9A8B90C}") = "Setup", "Setup\Setup.vdproj", "{4713836E-7AD6-4532-93B4-FB896B9A62E1}"
EndProject
Global
	GlobalSection(SolutionConfigurationPlatforms) = preSolution
		Debug|x86 = Debug|x86
		Release|x86 = Release|x86
	EndGlobalSection
	GlobalSection(ProjectConfigurationPlatforms) = postSolution
		{B46B6BC5-A2D3-41AB-8ED5-B52D3874C8A6}.Debug|x86.ActiveCfg = Debug|x86
		{B46B6BC5-A2D3-41AB-8ED5-B52D3874C8A6}.Debug|x86.Build.0 = Debug|x86
		{B46B6BC5-A2D3-41AB-8ED5-B52D3874C8A6}.Release|x86.ActiveCfg = Release|x86
		{B46B6BC5-A2D3-41AB-8ED5-B52D3874C8A6}.Release|x86.Build.0 = Release|x86
		{4713836E-7AD6-4532-93B4-FB896B9A62E1}.Debug|x86.ActiveCfg = Debug
		{4713836E-7AD6-4532-93B4-FB896B9A62E1}.Release|x86.ActiveCfg = Release
	EndGlobalSection
	GlobalSection(SolutionProperties) = preSolution
		HideSolutionNode = FALSE
	EndGlobalSection
EndGlobal
